
Microsoft Visual Studio Solution File, Format Version 12.00
# Visual Studio Version 17
VisualStudioVersion = 17.1.32407.343
MinimumVisualStudioVersion = 10.0.40219.1
Project("{9A19103F-16F7-4668-BE54-9A1E7A4F7556}") = "Grus.API", "Grus-api\Grus.API.csproj", "{861428FC-6CBB-4EC0-BFB1-359AAC8F423F}"
EndProject
Project("{9A19103F-16F7-4668-BE54-9A1E7A4F7556}") = "Grus.Application", "Grus.Application\Grus.Application.csproj", "{541187D5-8A06-4589-BF23-1F4B119536B6}"
EndProject
Project("{9A19103F-16F7-4668-BE54-9A1E7A4F7556}") = "Grus.Contracts", "Grus.Contracts\Grus.Contracts.csproj", "{76E13B6F-FCDB-40E2-B1F7-26EDB71400DC}"
EndProject
Project("{9A19103F-16F7-4668-BE54-9A1E7A4F7556}") = "Grus.Domain", "Grus.Domain\Grus.Domain.csproj", "{2EDB74BD-D06D-4BBE-807C-A6FF5480DB60}"
EndProject
Project("{9A19103F-16F7-4668-BE54-9A1E7A4F7556}") = "Grus.Infrastructure", "Grus.Infrastructure\Grus.Infrastructure.csproj", "{EC6783B6-1695-49A6-9F75-57118858D1C9}"
EndProject
Global
	GlobalSection(SolutionConfigurationPlatforms) = preSolution
		Debug|Any CPU = Debug|Any CPU
		Release|Any CPU = Release|Any CPU
	EndGlobalSection
	GlobalSection(ProjectConfigurationPlatforms) = postSolution
		{861428FC-6CBB-4EC0-BFB1-359AAC8F423F}.Debug|Any CPU.ActiveCfg = Debug|Any CPU
		{861428FC-6CBB-4EC0-BFB1-359AAC8F423F}.Debug|Any CPU.Build.0 = Debug|Any CPU
		{861428FC-6CBB-4EC0-BFB1-359AAC8F423F}.Release|Any CPU.ActiveCfg = Release|Any CPU
		{861428FC-6CBB-4EC0-BFB1-359AAC8F423F}.Release|Any CPU.Build.0 = Release|Any CPU
		{541187D5-8A06-4589-BF23-1F4B119536B6}.Debug|Any CPU.ActiveCfg = Debug|Any CPU
		{541187D5-8A06-4589-BF23-1F4B119536B6}.Debug|Any CPU.Build.0 = Debug|Any CPU
		{541187D5-8A06-4589-BF23-1F4B119536B6}.Release|Any CPU.ActiveCfg = Release|Any CPU
		{541187D5-8A06-4589-BF23-1F4B119536B6}.Release|Any CPU.Build.0 = Release|Any CPU
		{76E13B6F-FCDB-40E2-B1F7-26EDB71400DC}.Debug|Any CPU.ActiveCfg = Debug|Any CPU
		{76E13B6F-FCDB-40E2-B1F7-26EDB71400DC}.Debug|Any CPU.Build.0 = Debug|Any CPU
		{76E13B6F-FCDB-40E2-B1F7-26EDB71400DC}.Release|Any CPU.ActiveCfg = Release|Any CPU
		{76E13B6F-FCDB-40E2-B1F7-26EDB71400DC}.Release|Any CPU.Build.0 = Release|Any CPU
		{2EDB74BD-D06D-4BBE-807C-A6FF5480DB60}.Debug|Any CPU.ActiveCfg = Debug|Any CPU
		{2EDB74BD-D06D-4BBE-807C-A6FF5480DB60}.Debug|Any CPU.Build.0 = Debug|Any CPU
		{2EDB74BD-D06D-4BBE-807C-A6FF5480DB60}.Release|Any CPU.ActiveCfg = Release|Any CPU
		{2EDB74BD-D06D-4BBE-807C-A6FF5480DB60}.Release|Any CPU.Build.0 = Release|Any CPU
		{EC6783B6-1695-49A6-9F75-57118858D1C9}.Debug|Any CPU.ActiveCfg = Debug|Any CPU
		{EC6783B6-1695-49A6-9F75-57118858D1C9}.Debug|Any CPU.Build.0 = Debug|Any CPU
		{EC6783B6-1695-49A6-9F75-57118858D1C9}.Release|Any CPU.ActiveCfg = Release|Any CPU
		{EC6783B6-1695-49A6-9F75-57118858D1C9}.Release|Any CPU.Build.0 = Release|Any CPU
	EndGlobalSection
	GlobalSection(SolutionProperties) = preSolution
		HideSolutionNode = FALSE
	EndGlobalSection
	GlobalSection(ExtensibilityGlobals) = postSolution
		SolutionGuid = {8027A257-5B0D-491B-AA07-022CB932E483}
	EndGlobalSection
EndGlobal
